Microsoft Visual Studio Solution File, Format Version 12.00
# Visual Studio Version 17
VisualStudioVersion = 17.5.2.0
MinimumVisualStudioVersion = 10.0.40219.1
Project("{FAE04EC0-301F-11D3-BF4B-00C04F79EFBC}") = "UserAuthApp", "UserAuthApp.csproj", "{B0336C30-2D93-3D33-D86C-E2940D3AA8A7}"
EndProject
Global
	GlobalSection(SolutionConfigurationPlatforms) = preSolution
		Debug|Any CPU = Debug|Any CPU
		Release|Any CPU = Release|Any CPU
	EndGlobalSection
	GlobalSection(ProjectConfigurationPlatforms) = postSolution
		{B0336C30-2D93-3D33-D86C-E2940D3AA8A7}.Debug|Any CPU.ActiveCfg = Debug|Any CPU
		{B0336C30-2D93-3D33-D86C-E2940D3AA8A7}.Debug|Any CPU.Build.0 = Debug|Any CPU
		{B0336C30-2D93-3D33-D86C-E2940D3AA8A7}.Release|Any CPU.ActiveCfg = Release|Any CPU
		{B0336C30-2D93-3D33-D86C-E2940D3AA8A7}.Release|Any CPU.Build.0 = Release|Any CPU
	EndGlobalSection
	GlobalSection(SolutionProperties) = preSolution
		HideSolutionNode = FALSE
	EndGlobalSection
	GlobalSection(ExtensibilityGlobals) = postSolution
		SolutionGuid = {A2944CEF-5E2D-460C-BF72-EB6A1A91A862}
	EndGlobalSection
EndGlobal
